speakeasyVersion: 1.751.0
sources:
    FastAPI:
        sourceNamespace: fast-api
        sourceRevisionDigest: sha256:c84fd7f0015600f67edb806c21a6a9e928710c59cb1bcfe5085339e0e19d8cce
        sourceBlobDigest: sha256:1ffa7a2a249a816bfebfb0fa48c46db32ab0a54ebb2d1362e27cc41c589b2069
        tags:
            - latest
            - 0.1.0
targets:
    galileo-generated:
        source: FastAPI
        sourceNamespace: fast-api
        sourceRevisionDigest: sha256:c84fd7f0015600f67edb806c21a6a9e928710c59cb1bcfe5085339e0e19d8cce
        sourceBlobDigest: sha256:1ffa7a2a249a816bfebfb0fa48c46db32ab0a54ebb2d1362e27cc41c589b2069
        codeSamplesNamespace: fast-api-typescript-code-samples
        codeSamplesRevisionDigest: sha256:8549c4e88b9f4543bf3f7872190e556dd90172bb62b88455661f22fb581e7b81
workflow:
    workflowVersion: 1.0.0
    speakeasyVersion: latest
    sources:
        FastAPI:
            inputs:
                - location: https://api.galileo.ai/client/openapi.json
            overlays:
                - location: .speakeasy/overlays/document-schema.yaml
            output: .speakeasy/out.openapi.yaml
            registry:
                location: registry.speakeasyapi.dev/galileo-ai/ts-sdk/fast-api
    targets:
        galileo-generated:
            target: typescript
            source: FastAPI
            publish:
                npm:
                    token: $npm_token
            codeSamples:
                registry:
                    location: registry.speakeasyapi.dev/galileo-ai/ts-sdk/fast-api-typescript-code-samples
                labelOverride:
                    fixedValue: Typescript (SDK)
                blocking: false
