speakeasyVersion: 1.704.0
sources:
    FastAPI:
        sourceNamespace: fast-api
        sourceRevisionDigest: sha256:ac157831aa60897e65ed64785e20d6015e82afc327813e4e95a26541fd05cb83
        sourceBlobDigest: sha256:bfd61c2f3008d50ab3a55c3ce55eea4053b666709862ab478b741e0ca7568fca
        tags:
            - latest
            - speakeasy-sdk-regen-1770251259
            - 0.1.0
targets:
    galileo-generated:
        source: FastAPI
        sourceNamespace: fast-api
        sourceRevisionDigest: sha256:ac157831aa60897e65ed64785e20d6015e82afc327813e4e95a26541fd05cb83
        sourceBlobDigest: sha256:bfd61c2f3008d50ab3a55c3ce55eea4053b666709862ab478b741e0ca7568fca
        codeSamplesNamespace: fast-api-typescript-code-samples
        codeSamplesRevisionDigest: sha256:61fa7b6886b4fc47946dc362c9b8f45d68fbf22f40fc39a7d5a7158bc93ff45d
workflow:
    workflowVersion: 1.0.0
    speakeasyVersion: latest
    sources:
        FastAPI:
            inputs:
                - location: https://api.galileo.ai/client/openapi.json
            output: .speakeasy/out.openapi.yaml
            registry:
                location: registry.speakeasyapi.dev/galileo-ai/ts-sdk/fast-api
    targets:
        galileo-generated:
            target: typescript
            source: FastAPI
            publish:
                npm:
                    token: $npm_token
            codeSamples:
                registry:
                    location: registry.speakeasyapi.dev/galileo-ai/ts-sdk/fast-api-typescript-code-samples
                labelOverride:
                    fixedValue: Typescript (SDK)
                blocking: false
