speakeasyVersion: 1.701.1
sources:
    FastAPI:
        sourceNamespace: fast-api
        sourceRevisionDigest: sha256:be144906703dffd8a17cb3b3ea5067825f0589c513a92aaf78f36c77113e74a9
        sourceBlobDigest: sha256:a4999deac151a74cc68b7398cbe18898b8bf5e38ae54445497e5186125a0084c
        tags:
            - latest
            - 0.1.0
targets:
    galileo-generated:
        source: FastAPI
        sourceNamespace: fast-api
        sourceRevisionDigest: sha256:be144906703dffd8a17cb3b3ea5067825f0589c513a92aaf78f36c77113e74a9
        sourceBlobDigest: sha256:a4999deac151a74cc68b7398cbe18898b8bf5e38ae54445497e5186125a0084c
        codeSamplesNamespace: fast-api-typescript-code-samples
        codeSamplesRevisionDigest: sha256:c5c05235786eb8e0268ec4c0ea5395b9c462627b0f019bf02612ee799eba2215
workflow:
    workflowVersion: 1.0.0
    speakeasyVersion: latest
    sources:
        FastAPI:
            inputs:
                - location: https://api.galileo.ai/client/openapi.json
            output: .speakeasy/out.openapi.yaml
            registry:
                location: registry.speakeasyapi.dev/galileo-ai/ts-sdk/fast-api
    targets:
        galileo-generated:
            target: typescript
            source: FastAPI
            publish:
                npm:
                    token: $npm_token
            codeSamples:
                registry:
                    location: registry.speakeasyapi.dev/galileo-ai/ts-sdk/fast-api-typescript-code-samples
                labelOverride:
                    fixedValue: Typescript (SDK)
                blocking: false
